{
  "name": "exo-07",
  "version": "1.0.0",
  "lockfileVersion": 1,
  "requires": true,
  "dependencies": {
    "@react-navigation/core": {
      "version": "6.1.0",
      "resolved": "https://registry.npmjs.org/@react-navigation/core/-/core-6.1.0.tgz",
      "integrity": "sha512-LyZqD/ZCXSK9+ES8KiH+0tU+7aL84jUw1N9OxZfEuns/OcnSXKC3sOO+9NQ9XRowB1wLUfJhmqZ8G8rUlg33fQ==",
      "requires": {
        "@react-navigation/routers": "^6.1.0",
        "escape-string-regexp": "^4.0.0",
        "nanoid": "^3.1.23",
        "query-string": "^7.0.0",
        "react-is": "^16.13.0"
      }
    },
    "@react-navigation/native": {
      "version": "6.0.6",
      "resolved": "https://registry.npmjs.org/@react-navigation/native/-/native-6.0.6.tgz",
      "integrity": "sha512-XzL7YPsaRRQgdCQSXbA8PJWLN2I4lhUUvSFoKQPNO4DS6y8eqZI1V8COPYlJg8+tsetGV5J8jt+jVjWL7h6ZrQ==",
      "requires": {
        "@react-navigation/core": "^6.1.0",
        "escape-string-regexp": "^4.0.0",
        "nanoid": "^3.1.23"
      }
    },
    "@react-navigation/routers": {
      "version": "6.1.0",
      "resolved": "https://registry.npmjs.org/@react-navigation/routers/-/routers-6.1.0.tgz",
      "integrity": "sha512-8xJL+djIzpFdRW/sGlKojQ06fWgFk1c5jER9501HYJ12LF5DIJFr/tqBI2TJ6bk+y+QFu0nbNyeRC80OjRlmkA==",
      "requires": {
        "nanoid": "^3.1.23"
      }
    },
    "decode-uri-component": {
      "version": "0.2.0",
      "resolved": "https://registry.npmjs.org/decode-uri-component/-/decode-uri-component-0.2.0.tgz",
      "integrity": "sha1-6zkTMzRYd1y4TNGh+uBiEGu4dUU="
    },
    "escape-string-regexp": {
      "version": "4.0.0",
      "resolved": "https://registry.npmjs.org/escape-string-regexp/-/escape-string-regexp-4.0.0.tgz",
      "integrity": "sha512-TtpcNJ3XAzx3Gq8sWRzJaVajRs0uVxA2YAkdb1jm2YkPz4G6egUFAyA3n5vtEIZefPk5Wa4UXbKuS5fKkJWdgA=="
    },
    "filter-obj": {
      "version": "1.1.0",
      "resolved": "https://registry.npmjs.org/filter-obj/-/filter-obj-1.1.0.tgz",
      "integrity": "sha1-mzERErxsYSehbgFsbF1/GeCAXFs="
    },
    "nanoid": {
      "version": "3.1.30",
      "resolved": "https://registry.npmjs.org/nanoid/-/nanoid-3.1.30.tgz",
      "integrity": "sha512-zJpuPDwOv8D2zq2WRoMe1HsfZthVewpel9CAvTfc/2mBD1uUT/agc5f7GHGWXlYkFvi1mVxe4IjvP2HNrop7nQ=="
    },
    "query-string": {
      "version": "7.0.1",
      "resolved": "https://registry.npmjs.org/query-string/-/query-string-7.0.1.tgz",
      "integrity": "sha512-uIw3iRvHnk9to1blJCG3BTc+Ro56CBowJXKmNNAm3RulvPBzWLRqKSiiDk+IplJhsydwtuNMHi8UGQFcCLVfkA==",
      "requires": {
        "decode-uri-component": "^0.2.0",
        "filter-obj": "^1.1.0",
        "split-on-first": "^1.0.0",
        "strict-uri-encode": "^2.0.0"
      }
    },
    "react-freeze": {
      "version": "1.0.0",
      "resolved": "https://registry.npmjs.org/react-freeze/-/react-freeze-1.0.0.tgz",
      "integrity": "sha512-yQaiOqDmoKqks56LN9MTgY06O0qQHgV4FUrikH357DydArSZHQhl0BJFqGKIZoTqi8JizF9Dxhuk1FIZD6qCaw=="
    },
    "react-is": {
      "version": "16.13.1",
      "resolved": "https://registry.npmjs.org/react-is/-/react-is-16.13.1.tgz",
      "integrity": "sha512-24e6ynE2H+OKt4kqsOvNd8kBpV65zoxbA4BVsEOB3ARVWQki/DHzaUoC5KuON/BiccDaCCTZBuOcfZs70kR8bQ=="
    },
    "react-native-safe-area-context": {
      "version": "3.3.2",
      "resolved": "https://registry.npmjs.org/react-native-safe-area-context/-/react-native-safe-area-context-3.3.2.tgz",
      "integrity": "sha512-yOwiiPJ1rk+/nfK13eafbpW6sKW0jOnsRem2C1LPJjM3tfTof6hlvV5eWHATye3XOpu2cJ7N+HdkUvUDGwFD2Q=="
    },
    "react-native-screens": {
      "version": "3.9.0",
      "resolved": "https://registry.npmjs.org/react-native-screens/-/react-native-screens-3.9.0.tgz",
      "integrity": "sha512-TP/kASLQ/2iGCz4/n9CHeveKC9urzbfYXFH+1TfBnqaBwjIszhVuadiIOQ0qWKdSs6qnBR2xPTp9U18sNoc34A==",
      "requires": {
        "react-freeze": "^1.0.0",
        "warn-once": "^0.1.0"
      }
    },
    "split-on-first": {
      "version": "1.1.0",
      "resolved": "https://registry.npmjs.org/split-on-first/-/split-on-first-1.1.0.tgz",
      "integrity": "sha512-43ZssAJaMusuKWL8sKUBQXHWOpq8d6CfN/u1p4gUzfJkM05C8rxTmYrkIPTXapZpORA6LkkzcUulJ8FqA7Uudw=="
    },
    "strict-uri-encode": {
      "version": "2.0.0",
      "resolved": "https://registry.npmjs.org/strict-uri-encode/-/strict-uri-encode-2.0.0.tgz",
      "integrity": "sha1-ucczDHBChi9rFC3CdLvMWGbONUY="
    },
    "warn-once": {
      "version": "0.1.0",
      "resolved": "https://registry.npmjs.org/warn-once/-/warn-once-0.1.0.tgz",
      "integrity": "sha512-recZTSvuaH/On5ZU5ywq66y99lImWqzP93+AiUo9LUwG8gXHW+LJjhOd6REJHm7qb0niYqrEQJvbHSQfuJtTqA=="
    }
  }
}
